
Microsoft Visual Studio Solution File, Format Version 12.00
# Visual Studio 15
VisualStudioVersion = 15.0.27428.2037
MinimumVisualStudioVersion = 10.0.40219.1
Project("{9A19103F-16F7-4668-BE54-9A1E7A4F7556}") = "QuanLyHocSinh", "QuanLyHocSinh\QuanLyHocSinh.csproj", "{15FD9F92-0CDC-41C4-A048-AFCDD55F013D}"
EndProject
Project("{FAE04EC0-301F-11D3-BF4B-00C04F79EFBC}") = "QuanLyHocSinh.DAL", "QuanLyHocSinh.DAL\QuanLyHocSinh.DAL.csproj", "{9DA1EE99-452B-4B4B-842D-9F23B2CF4043}"
EndProject
Global
	GlobalSection(SolutionConfigurationPlatforms) = preSolution
		Debug|Any CPU = Debug|Any CPU
		Release|Any CPU = Release|Any CPU
	EndGlobalSection
	GlobalSection(ProjectConfigurationPlatforms) = postSolution
		{15FD9F92-0CDC-41C4-A048-AFCDD55F013D}.Debug|Any CPU.ActiveCfg = Debug|Any CPU
		{15FD9F92-0CDC-41C4-A048-AFCDD55F013D}.Debug|Any CPU.Build.0 = Debug|Any CPU
		{15FD9F92-0CDC-41C4-A048-AFCDD55F013D}.Release|Any CPU.ActiveCfg = Release|Any CPU
		{15FD9F92-0CDC-41C4-A048-AFCDD55F013D}.Release|Any CPU.Build.0 = Release|Any CPU
		{9DA1EE99-452B-4B4B-842D-9F23B2CF4043}.Debug|Any CPU.ActiveCfg = Debug|Any CPU
		{9DA1EE99-452B-4B4B-842D-9F23B2CF4043}.Debug|Any CPU.Build.0 = Debug|Any CPU
		{9DA1EE99-452B-4B4B-842D-9F23B2CF4043}.Release|Any CPU.ActiveCfg = Release|Any CPU
		{9DA1EE99-452B-4B4B-842D-9F23B2CF4043}.Release|Any CPU.Build.0 = Release|Any CPU
	EndGlobalSection
	GlobalSection(SolutionProperties) = preSolution
		HideSolutionNode = FALSE
	EndGlobalSection
	GlobalSection(ExtensibilityGlobals) = postSolution
		SolutionGuid = {F3C61845-BD0B-469C-AA4C-BB43E511D1FA}
	EndGlobalSection
EndGlobal
